// !$*UTF8*$!
{
	archiveVersion = 1;
	classes = {
	};
	objectVersion = 50;
	objects = {

/* Begin PBXBuildFile section */
		0E035A3122E5388C004A8726 /* RestaurantVC.swift in Sources */ = {isa = PBXBuildFile; fileRef = 0E035A3022E5388C004A8726 /* RestaurantVC.swift */; };
		0E035A3322E55349004A8726 /* RestaurantViewModel.swift in Sources */ = {isa = PBXBuildFile; fileRef = 0E035A3222E55349004A8726 /* RestaurantViewModel.swift */; };
		0EEF387822E731F10063B9D9 /* CustomMapView.swift in Sources */ = {isa = PBXBuildFile; fileRef = 0EEF387722E731F10063B9D9 /* CustomMapView.swift */; };
		25747894CA2A7B86CDAA05E5 /* Pods_FastFoodUITests.framework in Frameworks */ = {isa = PBXBuildFile; fileRef = 7744F9EC5404C2A61E64BCFE /* Pods_FastFoodUITests.framework */; };
		5E7E562822DFCB3700230C16 /* AppDelegate.swift in Sources */ = {isa = PBXBuildFile; fileRef = 5E7E562722DFCB3700230C16 /* AppDelegate.swift */; };
		5E7E562D22DFCB3700230C16 /* Main.storyboard in Resources */ = {isa = PBXBuildFile; fileRef = 5E7E562B22DFCB3700230C16 /* Main.storyboard */; };
		5E7E563022DFCB3700230C16 /* FastFood.xcdatamodeld in Sources */ = {isa = PBXBuildFile; fileRef = 5E7E562E22DFCB3700230C16 /* FastFood.xcdatamodeld */; };
		5E7E563222DFCB3800230C16 /* Assets.xcassets in Resources */ = {isa = PBXBuildFile; fileRef = 5E7E563122DFCB3800230C16 /* Assets.xcassets */; };
		5E7E563522DFCB3800230C16 /* LaunchScreen.storyboard in Resources */ = {isa = PBXBuildFile; fileRef = 5E7E563322DFCB3800230C16 /* LaunchScreen.storyboard */; };
		5E7E564022DFCB3800230C16 /* FastFoodTests.swift in Sources */ = {isa = PBXBuildFile; fileRef = 5E7E563F22DFCB3800230C16 /* FastFoodTests.swift */; };
		5E7E564B22DFCB3800230C16 /* FastFoodUITests.swift in Sources */ = {isa = PBXBuildFile; fileRef = 5E7E564A22DFCB3800230C16 /* FastFoodUITests.swift */; };
		5E7E565922DFCCAF00230C16 /* TabBarController.swift in Sources */ = {isa = PBXBuildFile; fileRef = 5E7E565822DFCCAF00230C16 /* TabBarController.swift */; };
		5E7E565C22DFCE0C00230C16 /* OfferVC.swift in Sources */ = {isa = PBXBuildFile; fileRef = 5E7E565B22DFCE0C00230C16 /* OfferVC.swift */; };
		5E7E566022DFCE3A00230C16 /* OrderVC2.swift in Sources */ = {isa = PBXBuildFile; fileRef = 5E7E565F22DFCE3A00230C16 /* OrderVC2.swift */; };
		5E7E566222DFCE4B00230C16 /* ReorderVC.swift in Sources */ = {isa = PBXBuildFile; fileRef = 5E7E566122DFCE4B00230C16 /* ReorderVC.swift */; };
		5EB1F50F22E1271300B8501C /* SearchBusinessService.swift in Sources */ = {isa = PBXBuildFile; fileRef = 5EB1F50E22E1271300B8501C /* SearchBusinessService.swift */; };
		5EB1F51122E12F7600B8501C /* HttpHelper.swift in Sources */ = {isa = PBXBuildFile; fileRef = 5EB1F51022E12F7600B8501C /* HttpHelper.swift */; };
		5EB1F51322E1357B00B8501C /* Constant.swift in Sources */ = {isa = PBXBuildFile; fileRef = 5EB1F51222E1357B00B8501C /* Constant.swift */; };
		5EB1F51622E13C9D00B8501C /* HeaderView.swift in Sources */ = {isa = PBXBuildFile; fileRef = 5EB1F51522E13C9D00B8501C /* HeaderView.swift */; };
		5EB1F51922E13CCE00B8501C /* Extensions.swift in Sources */ = {isa = PBXBuildFile; fileRef = 5EB1F51822E13CCE00B8501C /* Extensions.swift */; };
		5EB1F51B22E13CD500B8501C /* StretchHeaderFlowLayout.swift in Sources */ = {isa = PBXBuildFile; fileRef = 5EB1F51A22E13CD500B8501C /* StretchHeaderFlowLayout.swift */; };
		5EB1F51D22E13D0A00B8501C /* Protocols.swift in Sources */ = {isa = PBXBuildFile; fileRef = 5EB1F51C22E13D0A00B8501C /* Protocols.swift */; };
		5EB1F51F22E234D200B8501C /* Models.swift in Sources */ = {isa = PBXBuildFile; fileRef = 5EB1F51E22E234D200B8501C /* Models.swift */; };
		5EB1F52422E61AE200B8501C /* RestaurantCell.swift in Sources */ = {isa = PBXBuildFile; fileRef = 5EB1F52222E61AE200B8501C /* RestaurantCell.swift */; };
		5EB1F52522E61AE200B8501C /* RestaurantCell.xib in Resources */ = {isa = PBXBuildFile; fileRef = 5EB1F52322E61AE200B8501C /* RestaurantCell.xib */; };
		5EB1F52722E62B5600B8501C /* OfferViewModel.swift in Sources */ = {isa = PBXBuildFile; fileRef = 5EB1F52622E62B5600B8501C /* OfferViewModel.swift */; };
		5EB1F52A22E62B7100B8501C /* OfferCell.swift in Sources */ = {isa = PBXBuildFile; fileRef = 5EB1F52822E62B7100B8501C /* OfferCell.swift */; };
		5EB1F52B22E62B7100B8501C /* OfferCell.xib in Resources */ = {isa = PBXBuildFile; fileRef = 5EB1F52922E62B7100B8501C /* OfferCell.xib */; };
		5EB1F52E22E655C600B8501C /* ScanCanCell.swift in Sources */ = {isa = PBXBuildFile; fileRef = 5EB1F52C22E655C600B8501C /* ScanCanCell.swift */; };
		5EB1F52F22E655C600B8501C /* ScanCanCell.xib in Resources */ = {isa = PBXBuildFile; fileRef = 5EB1F52D22E655C600B8501C /* ScanCanCell.xib */; };
		5EB1F53222E655FA00B8501C /* MonthlyDealCell.swift in Sources */ = {isa = PBXBuildFile; fileRef = 5EB1F53022E655FA00B8501C /* MonthlyDealCell.swift */; };
		5EB1F53322E655FA00B8501C /* MonthlyDealCell.xib in Resources */ = {isa = PBXBuildFile; fileRef = 5EB1F53122E655FA00B8501C /* MonthlyDealCell.xib */; };
		B390D018C5B9A7E6B07FE82C /* Pods_FastFoodTests.framework in Frameworks */ = {isa = PBXBuildFile; fileRef = 470C94E9BAC97B549956D28C /* Pods_FastFoodTests.framework */; };
		FCE700B1B12BDD76C8BCC52B /* Pods_FastFood.framework in Frameworks */ = {isa = PBXBuildFile; fileRef = A66438751B60F61CAA3A825A /* Pods_FastFood.framework */; };
/* End PBXBuildFile section */

/* Begin PBXContainerItemProxy section */
		5E7E563C22DFCB3800230C16 /* PBXContainerItemProxy */ = {
			isa = PBXContainerItemProxy;
			containerPortal = 5E7E561C22DFCB3700230C16 /* Project object */;
			proxyType = 1;
			remoteGlobalIDString = 5E7E562322DFCB3700230C16;
			remoteInfo = FastFood;
		};
		5E7E564722DFCB3800230C16 /* PBXContainerItemProxy */ = {
			isa = PBXContainerItemProxy;
			containerPortal = 5E7E561C22DFCB3700230C16 /* Project object */;
			proxyType = 1;
			remoteGlobalIDString = 5E7E562322DFCB3700230C16;
			remoteInfo = FastFood;
		};
/* End PBXContainerItemProxy section */

/* Begin PBXFileReference section */
		0779383FF715FD9316510E2F /* Pods-FastFood.debug.xcconfig */ = {isa = PBXFileReference; includeInIndex = 1; lastKnownFileType = text.xcconfig; name = "Pods-FastFood.debug.xcconfig"; path = "Target Support Files/Pods-FastFood/Pods-FastFood.debug.xcconfig"; sourceTree = "<group>"; };
		0E035A3022E5388C004A8726 /* RestaurantVC.swift */ = {isa = PBXFileReference; lastKnownFileType = sourcecode.swift; path = RestaurantVC.swift; sourceTree = "<group>"; };
		0E035A3222E55349004A8726 /* RestaurantViewModel.swift */ = {isa = PBXFileReference; lastKnownFileType = sourcecode.swift; path = RestaurantViewModel.swift; sourceTree = "<group>"; };
		0EEF387722E731F10063B9D9 /* CustomMapView.swift */ = {isa = PBXFileReference; lastKnownFileType = sourcecode.swift; path = CustomMapView.swift; sourceTree = "<group>"; };
		129ECF1FE99B89FBDBFEC995 /* Pods-FastFood.release.xcconfig */ = {isa = PBXFileReference; includeInIndex = 1; lastKnownFileType = text.xcconfig; name = "Pods-FastFood.release.xcconfig"; path = "Target Support Files/Pods-FastFood/Pods-FastFood.release.xcconfig"; sourceTree = "<group>"; };
		16B66CA96E547D16B1E5A5E1 /* Pods-FastFoodTests.debug.xcconfig */ = {isa = PBXFileReference; includeInIndex = 1; lastKnownFileType = text.xcconfig; name = "Pods-FastFoodTests.debug.xcconfig"; path = "Target Support Files/Pods-FastFoodTests/Pods-FastFoodTests.debug.xcconfig"; sourceTree = "<group>"; };
		470C94E9BAC97B549956D28C /* Pods_FastFoodTests.framework */ = {isa = PBXFileReference; explicitFileType = wrapper.framework; includeInIndex = 0; path = Pods_FastFoodTests.framework; sourceTree = BUILT_PRODUCTS_DIR; };
		4918E5525478A7CE8797558B /* Pods-FastFoodUITests.release.xcconfig */ = {isa = PBXFileReference; includeInIndex = 1; lastKnownFileType = text.xcconfig; name = "Pods-FastFoodUITests.release.xcconfig"; path = "Target Support Files/Pods-FastFoodUITests/Pods-FastFoodUITests.release.xcconfig"; sourceTree = "<group>"; };
		5E7E562422DFCB3700230C16 /* FastFood.app */ = {isa = PBXFileReference; explicitFileType = wrapper.application; includeInIndex = 0; path = FastFood.app; sourceTree = BUILT_PRODUCTS_DIR; };
		5E7E562722DFCB3700230C16 /* AppDelegate.swift */ = {isa = PBXFileReference; lastKnownFileType = sourcecode.swift; path = AppDelegate.swift; sourceTree = "<group>"; };
		5E7E562C22DFCB3700230C16 /* Base */ = {isa = PBXFileReference; lastKnownFileType = file.storyboard; name = Base; path = Base.lproj/Main.storyboard; sourceTree = "<group>"; };
		5E7E562F22DFCB3700230C16 /* FastFood.xcdatamodel */ = {isa = PBXFileReference; lastKnownFileType = wrapper.xcdatamodel; path = FastFood.xcdatamodel; sourceTree = "<group>"; };
		5E7E563122DFCB3800230C16 /* Assets.xcassets */ = {isa = PBXFileReference; lastKnownFileType = folder.assetcatalog; path = Assets.xcassets; sourceTree = "<group>"; };
		5E7E563422DFCB3800230C16 /* Base */ = {isa = PBXFileReference; lastKnownFileType = file.storyboard; name = Base; path = Base.lproj/LaunchScreen.storyboard; sourceTree = "<group>"; };
		5E7E563622DFCB3800230C16 /* Info.plist */ = {isa = PBXFileReference; lastKnownFileType = text.plist.xml; path = Info.plist; sourceTree = "<group>"; };
		5E7E563B22DFCB3800230C16 /* FastFoodTests.xctest */ = {isa = PBXFileReference; explicitFileType = wrapper.cfbundle; includeInIndex = 0; path = FastFoodTests.xctest; sourceTree = BUILT_PRODUCTS_DIR; };
		5E7E563F22DFCB3800230C16 /* FastFoodTests.swift */ = {isa = PBXFileReference; lastKnownFileType = sourcecode.swift; path = FastFoodTests.swift; sourceTree = "<group>"; };
		5E7E564122DFCB3800230C16 /* Info.plist */ = {isa = PBXFileReference; lastKnownFileType = text.plist.xml; path = Info.plist; sourceTree = "<group>"; };
		5E7E564622DFCB3800230C16 /* FastFoodUITests.xctest */ = {isa = PBXFileReference; explicitFileType = wrapper.cfbundle; includeInIndex = 0; path = FastFoodUITests.xctest; sourceTree = BUILT_PRODUCTS_DIR; };
		5E7E564A22DFCB3800230C16 /* FastFoodUITests.swift */ = {isa = PBXFileReference; lastKnownFileType = sourcecode.swift; path = FastFoodUITests.swift; sourceTree = "<group>"; };
		5E7E564C22DFCB3800230C16 /* Info.plist */ = {isa = PBXFileReference; lastKnownFileType = text.plist.xml; path = Info.plist; sourceTree = "<group>"; };
		5E7E565822DFCCAF00230C16 /* TabBarController.swift */ = {isa = PBXFileReference; lastKnownFileType = sourcecode.swift; path = TabBarController.swift; sourceTree = "<group>"; };
		5E7E565B22DFCE0C00230C16 /* OfferVC.swift */ = {isa = PBXFileReference; lastKnownFileType = sourcecode.swift; path = OfferVC.swift; sourceTree = "<group>"; };
		5E7E565F22DFCE3A00230C16 /* OrderVC2.swift */ = {isa = PBXFileReference; lastKnownFileType = sourcecode.swift; path = OrderVC2.swift; sourceTree = "<group>"; };
		5E7E566122DFCE4B00230C16 /* ReorderVC.swift */ = {isa = PBXFileReference; lastKnownFileType = sourcecode.swift; path = ReorderVC.swift; sourceTree = "<group>"; };
		5EB1F50E22E1271300B8501C /* SearchBusinessService.swift */ = {isa = PBXFileReference; lastKnownFileType = sourcecode.swift; path = SearchBusinessService.swift; sourceTree = "<group>"; };
		5EB1F51022E12F7600B8501C /* HttpHelper.swift */ = {isa = PBXFileReference; lastKnownFileType = sourcecode.swift; path = HttpHelper.swift; sourceTree = "<group>"; };
		5EB1F51222E1357B00B8501C /* Constant.swift */ = {isa = PBXFileReference; lastKnownFileType = sourcecode.swift; path = Constant.swift; sourceTree = "<group>"; };
		5EB1F51522E13C9D00B8501C /* HeaderView.swift */ = {isa = PBXFileReference; fileEncoding = 4; lastKnownFileType = sourcecode.swift; path = HeaderView.swift; sourceTree = "<group>"; };
		5EB1F51822E13CCE00B8501C /* Extensions.swift */ = {isa = PBXFileReference; fileEncoding = 4; lastKnownFileType = sourcecode.swift; path = Extensions.swift; sourceTree = "<group>"; };
		5EB1F51A22E13CD500B8501C /* StretchHeaderFlowLayout.swift */ = {isa = PBXFileReference; fileEncoding = 4; lastKnownFileType = sourcecode.swift; path = StretchHeaderFlowLayout.swift; sourceTree = "<group>"; };
		5EB1F51C22E13D0A00B8501C /* Protocols.swift */ = {isa = PBXFileReference; fileEncoding = 4; lastKnownFileType = sourcecode.swift; path = Protocols.swift; sourceTree = "<group>"; };
		5EB1F51E22E234D200B8501C /* Models.swift */ = {isa = PBXFileReference; lastKnownFileType = sourcecode.swift; path = Models.swift; sourceTree = "<group>"; };
		5EB1F52222E61AE200B8501C /* RestaurantCell.swift */ = {isa = PBXFileReference; lastKnownFileType = sourcecode.swift; path = RestaurantCell.swift; sourceTree = "<group>"; };
		5EB1F52322E61AE200B8501C /* RestaurantCell.xib */ = {isa = PBXFileReference; lastKnownFileType = file.xib; path = RestaurantCell.xib; sourceTree = "<group>"; };
		5EB1F52622E62B5600B8501C /* OfferViewModel.swift */ = {isa = PBXFileReference; lastKnownFileType = sourcecode.swift; path = OfferViewModel.swift; sourceTree = "<group>"; };
		5EB1F52822E62B7100B8501C /* OfferCell.swift */ = {isa = PBXFileReference; lastKnownFileType = sourcecode.swift; path = OfferCell.swift; sourceTree = "<group>"; };
		5EB1F52922E62B7100B8501C /* OfferCell.xib */ = {isa = PBXFileReference; lastKnownFileType = file.xib; path = OfferCell.xib; sourceTree = "<group>"; };
		5EB1F52C22E655C600B8501C /* ScanCanCell.swift */ = {isa = PBXFileReference; lastKnownFileType = sourcecode.swift; path = ScanCanCell.swift; sourceTree = "<group>"; };
		5EB1F52D22E655C600B8501C /* ScanCanCell.xib */ = {isa = PBXFileReference; lastKnownFileType = file.xib; path = ScanCanCell.xib; sourceTree = "<group>"; };
		5EB1F53022E655FA00B8501C /* MonthlyDealCell.swift */ = {isa = PBXFileReference; lastKnownFileType = sourcecode.swift; path = MonthlyDealCell.swift; sourceTree = "<group>"; };
		5EB1F53122E655FA00B8501C /* MonthlyDealCell.xib */ = {isa = PBXFileReference; lastKnownFileType = file.xib; path = MonthlyDealCell.xib; sourceTree = "<group>"; };
		7744F9EC5404C2A61E64BCFE /* Pods_FastFoodUITests.framework */ = {isa = PBXFileReference; explicitFileType = wrapper.framework; includeInIndex = 0; path = Pods_FastFoodUITests.framework; sourceTree = BUILT_PRODUCTS_DIR; };
		935E155A3E666AAC21F550B1 /* Pods-FastFoodUITests.debug.xcconfig */ = {isa = PBXFileReference; includeInIndex = 1; lastKnownFileType = text.xcconfig; name = "Pods-FastFoodUITests.debug.xcconfig"; path = "Target Support Files/Pods-FastFoodUITests/Pods-FastFoodUITests.debug.xcconfig"; sourceTree = "<group>"; };
		A66438751B60F61CAA3A825A /* Pods_FastFood.framework */ = {isa = PBXFileReference; explicitFileType = wrapper.framework; includeInIndex = 0; path = Pods_FastFood.framework; sourceTree = BUILT_PRODUCTS_DIR; };
		F11382559302100D851582CC /* Pods-FastFoodTests.release.xcconfig */ = {isa = PBXFileReference; includeInIndex = 1; lastKnownFileType = text.xcconfig; name = "Pods-FastFoodTests.release.xcconfig"; path = "Target Support Files/Pods-FastFoodTests/Pods-FastFoodTests.release.xcconfig"; sourceTree = "<group>"; };
/* End PBXFileReference section */

/* Begin PBXFrameworksBuildPhase section */
		5E7E562122DFCB3700230C16 /* Frameworks */ = {
			isa = PBXFrameworksBuildPhase;
			buildActionMask = 2147483647;
			files = (
				FCE700B1B12BDD76C8BCC52B /* Pods_FastFood.framework in Frameworks */,
			);
			runOnlyForDeploymentPostprocessing = 0;
		};
		5E7E563822DFCB3800230C16 /* Frameworks */ = {
			isa = PBXFrameworksBuildPhase;
			buildActionMask = 2147483647;
			files = (
				B390D018C5B9A7E6B07FE82C /* Pods_FastFoodTests.framework in Frameworks */,
			);
			runOnlyForDeploymentPostprocessing = 0;
		};
		5E7E564322DFCB3800230C16 /* Frameworks */ = {
			isa = PBXFrameworksBuildPhase;
			buildActionMask = 2147483647;
			files = (
				25747894CA2A7B86CDAA05E5 /* Pods_FastFoodUITests.framework in Frameworks */,
			);
			runOnlyForDeploymentPostprocessing = 0;
		};
/* End PBXFrameworksBuildPhase section */

/* Begin PBXGroup section */
		0E035A2A22E53227004A8726 /* Restaurants */ = {
			isa = PBXGroup;
			children = (
				0E035A3022E5388C004A8726 /* RestaurantVC.swift */,
				0E035A3222E55349004A8726 /* RestaurantViewModel.swift */,
				5EB1F52222E61AE200B8501C /* RestaurantCell.swift */,
				5EB1F52322E61AE200B8501C /* RestaurantCell.xib */,
			);
			path = Restaurants;
			sourceTree = "<group>";
		};
		0E035A2C22E5327B004A8726 /* Offers */ = {
			isa = PBXGroup;
			children = (
				5E7E565B22DFCE0C00230C16 /* OfferVC.swift */,
				5EB1F52622E62B5600B8501C /* OfferViewModel.swift */,
				5EB1F52822E62B7100B8501C /* OfferCell.swift */,
				5EB1F52922E62B7100B8501C /* OfferCell.xib */,
				5EB1F52C22E655C600B8501C /* ScanCanCell.swift */,
				5EB1F52D22E655C600B8501C /* ScanCanCell.xib */,
				5EB1F53022E655FA00B8501C /* MonthlyDealCell.swift */,
				5EB1F53122E655FA00B8501C /* MonthlyDealCell.xib */,
			);
			path = Offers;
			sourceTree = "<group>";
		};
		0E035A2D22E53284004A8726 /* Reorder */ = {
			isa = PBXGroup;
			children = (
			);
			path = Reorder;
			sourceTree = "<group>";
		};
		0E035A2E22E5329D004A8726 /* Order */ = {
			isa = PBXGroup;
			children = (
			);
			path = Order;
			sourceTree = "<group>";
		};
		0EEF387922E742850063B9D9 /* CustomViews */ = {
			isa = PBXGroup;
			children = (
				0EEF387722E731F10063B9D9 /* CustomMapView.swift */,
			);
			path = CustomViews;
			sourceTree = "<group>";
		};
		0EEF387A22E742980063B9D9 /* Models */ = {
			isa = PBXGroup;
			children = (
				5EB1F51E22E234D200B8501C /* Models.swift */,
			);
			path = Models;
			sourceTree = "<group>";
		};
		5E7E561B22DFCB3700230C16 = {
			isa = PBXGroup;
			children = (
				5E7E562622DFCB3700230C16 /* FastFood */,
				5E7E563E22DFCB3800230C16 /* FastFoodTests */,
				5E7E564922DFCB3800230C16 /* FastFoodUITests */,
				5E7E562522DFCB3700230C16 /* Products */,
				7330A52149E8E0EA4862546C /* Pods */,
				BE93B759421A0A94B45E77B8 /* Frameworks */,
			);
			sourceTree = "<group>";
		};
		5E7E562522DFCB3700230C16 /* Products */ = {
			isa = PBXGroup;
			children = (
				5E7E562422DFCB3700230C16 /* FastFood.app */,
				5E7E563B22DFCB3800230C16 /* FastFoodTests.xctest */,
				5E7E564622DFCB3800230C16 /* FastFoodUITests.xctest */,
			);
			name = Products;
			sourceTree = "<group>";
		};
		5E7E562622DFCB3700230C16 /* FastFood */ = {
			isa = PBXGroup;
			children = (
				5E7E562722DFCB3700230C16 /* AppDelegate.swift */,
				5E7E565822DFCCAF00230C16 /* TabBarController.swift */,
				0E035A2C22E5327B004A8726 /* Offers */,
				0E035A2A22E53227004A8726 /* Restaurants */,
				0E035A2E22E5329D004A8726 /* Order */,
				0E035A2D22E53284004A8726 /* Reorder */,
				0EEF387922E742850063B9D9 /* CustomViews */,
				0EEF387A22E742980063B9D9 /* Models */,
				5EB1F51722E13CBF00B8501C /* Common */,
				5EB1F51422E13BF300B8501C /* SearchRestaurant */,
				5EB1F50D22E126D100B8501C /* Services */,
				5E7E565A22DFCDEB00230C16 /* ViewControllers */,
				5E7E562B22DFCB3700230C16 /* Main.storyboard */,
				5E7E563122DFCB3800230C16 /* Assets.xcassets */,
				5E7E563322DFCB3800230C16 /* LaunchScreen.storyboard */,
				5E7E563622DFCB3800230C16 /* Info.plist */,
				5E7E562E22DFCB3700230C16 /* FastFood.xcdatamodeld */,
			);
			path = FastFood;
			sourceTree = "<group>";
		};
		5E7E563E22DFCB3800230C16 /* FastFoodTests */ = {
			isa = PBXGroup;
			children = (
				5E7E563F22DFCB3800230C16 /* FastFoodTests.swift */,
				5E7E564122DFCB3800230C16 /* Info.plist */,
			);
			path = FastFoodTests;
			sourceTree = "<group>";
		};
		5E7E564922DFCB3800230C16 /* FastFoodUITests */ = {
			isa = PBXGroup;
			children = (
				5E7E564A22DFCB3800230C16 /* FastFoodUITests.swift */,
				5E7E564C22DFCB3800230C16 /* Info.plist */,
			);
			path = FastFoodUITests;
			sourceTree = "<group>";
		};
		5E7E565A22DFCDEB00230C16 /* ViewControllers */ = {
			isa = PBXGroup;
			children = (
				5E7E565F22DFCE3A00230C16 /* OrderVC2.swift */,
				5E7E566122DFCE4B00230C16 /* ReorderVC.swift */,
			);
			path = ViewControllers;
			sourceTree = "<group>";
		};
		5EB1F50D22E126D100B8501C /* Services */ = {
			isa = PBXGroup;
			children = (
				5EB1F50E22E1271300B8501C /* SearchBusinessService.swift */,
				5EB1F51022E12F7600B8501C /* HttpHelper.swift */,
				5EB1F51222E1357B00B8501C /* Constant.swift */,
			);
			path = Services;
			sourceTree = "<group>";
		};
		5EB1F51422E13BF300B8501C /* SearchRestaurant */ = {
			isa = PBXGroup;
			children = (
				5EB1F51522E13C9D00B8501C /* HeaderView.swift */,
			);
			path = SearchRestaurant;
			sourceTree = "<group>";
		};
		5EB1F51722E13CBF00B8501C /* Common */ = {
			isa = PBXGroup;
			children = (
				5EB1F51C22E13D0A00B8501C /* Protocols.swift */,
				5EB1F51A22E13CD500B8501C /* StretchHeaderFlowLayout.swift */,
				5EB1F51822E13CCE00B8501C /* Extensions.swift */,
			);
			path = Common;
			sourceTree = "<group>";
		};
		7330A52149E8E0EA4862546C /* Pods */ = {
			isa = PBXGroup;
			children = (
				0779383FF715FD9316510E2F /* Pods-FastFood.debug.xcconfig */,
				129ECF1FE99B89FBDBFEC995 /* Pods-FastFood.release.xcconfig */,
				16B66CA96E547D16B1E5A5E1 /* Pods-FastFoodTests.debug.xcconfig */,
				F11382559302100D851582CC /* Pods-FastFoodTests.release.xcconfig */,
				935E155A3E666AAC21F550B1 /* Pods-FastFoodUITests.debug.xcconfig */,
				4918E5525478A7CE8797558B /* Pods-FastFoodUITests.release.xcconfig */,
			);
			path = Pods;
			sourceTree = "<group>";
		};
		BE93B759421A0A94B45E77B8 /* Frameworks */ = {
			isa = PBXGroup;
			children = (
				A66438751B60F61CAA3A825A /* Pods_FastFood.framework */,
				470C94E9BAC97B549956D28C /* Pods_FastFoodTests.framework */,
				7744F9EC5404C2A61E64BCFE /* Pods_FastFoodUITests.framework */,
			);
			name = Frameworks;
			sourceTree = "<group>";
		};
/* End PBXGroup section */

/* Begin PBXNativeTarget section */
		5E7E562322DFCB3700230C16 /* FastFood */ = {
			isa = PBXNativeTarget;
			buildConfigurationList = 5E7E564F22DFCB3800230C16 /* Build configuration list for PBXNativeTarget "FastFood" */;
			buildPhases = (
				7350B5B61DE4129F87C17935 /* [CP] Check Pods Manifest.lock */,
				5E7E562022DFCB3700230C16 /* Sources */,
				5E7E562122DFCB3700230C16 /* Frameworks */,
				5E7E562222DFCB3700230C16 /* Resources */,
				B52D0772A9F18AA64DF15E64 /* [CP] Embed Pods Frameworks */,
			);
			buildRules = (
			);
			dependencies = (
			);
			name = FastFood;
			productName = FastFood;
			productReference = 5E7E562422DFCB3700230C16 /* FastFood.app */;
			productType = "com.apple.product-type.application";
		};
		5E7E563A22DFCB3800230C16 /* FastFoodTests */ = {
			isa = PBXNativeTarget;
			buildConfigurationList = 5E7E565222DFCB3800230C16 /* Build configuration list for PBXNativeTarget "FastFoodTests" */;
			buildPhases = (
				79E65DC4C4C6C411E6D4CC8E /* [CP] Check Pods Manifest.lock */,
				5E7E563722DFCB3800230C16 /* Sources */,
				5E7E563822DFCB3800230C16 /* Frameworks */,
				5E7E563922DFCB3800230C16 /* Resources */,
			);
			buildRules = (
			);
			dependencies = (
				5E7E563D22DFCB3800230C16 /* PBXTargetDependency */,
			);
			name = FastFoodTests;
			productName = FastFoodTests;
			productReference = 5E7E563B22DFCB3800230C16 /* FastFoodTests.xctest */;
			productType = "com.apple.product-type.bundle.unit-test";
		};
		5E7E564522DFCB3800230C16 /* FastFoodUITests */ = {
			isa = PBXNativeTarget;
			buildConfigurationList = 5E7E565522DFCB3800230C16 /* Build configuration list for PBXNativeTarget "FastFoodUITests" */;
			buildPhases = (
				2E06EFBC3568E086DB37CF63 /* [CP] Check Pods Manifest.lock */,
				5E7E564222DFCB3800230C16 /* Sources */,
				5E7E564322DFCB3800230C16 /* Frameworks */,
				5E7E564422DFCB3800230C16 /* Resources */,
			);
			buildRules = (
			);
			dependencies = (
				5E7E564822DFCB3800230C16 /* PBXTargetDependency */,
			);
			name = FastFoodUITests;
			productName = FastFoodUITests;
			productReference = 5E7E564622DFCB3800230C16 /* FastFoodUITests.xctest */;
			productType = "com.apple.product-type.bundle.ui-testing";
		};
/* End PBXNativeTarget section */

/* Begin PBXProject section */
		5E7E561C22DFCB3700230C16 /* Project object */ = {
			isa = PBXProject;
			attributes = {
				LastSwiftUpdateCheck = 1020;
				LastUpgradeCheck = 1020;
				ORGANIZATIONNAME = "Mike Saradeth";
				TargetAttributes = {
					5E7E562322DFCB3700230C16 = {
						CreatedOnToolsVersion = 10.2;
					};
					5E7E563A22DFCB3800230C16 = {
						CreatedOnToolsVersion = 10.2;
						TestTargetID = 5E7E562322DFCB3700230C16;
					};
					5E7E564522DFCB3800230C16 = {
						CreatedOnToolsVersion = 10.2;
						TestTargetID = 5E7E562322DFCB3700230C16;
					};
				};
			};
			buildConfigurationList = 5E7E561F22DFCB3700230C16 /* Build configuration list for PBXProject "FastFood" */;
			compatibilityVersion = "Xcode 9.3";
			developmentRegion = en;
			hasScannedForEncodings = 0;
			knownRegions = (
				en,
				Base,
			);
			mainGroup = 5E7E561B22DFCB3700230C16;
			productRefGroup = 5E7E562522DFCB3700230C16 /* Products */;
			projectDirPath = "";
			projectRoot = "";
			targets = (
				5E7E562322DFCB3700230C16 /* FastFood */,
				5E7E563A22DFCB3800230C16 /* FastFoodTests */,
				5E7E564522DFCB3800230C16 /* FastFoodUITests */,
			);
		};
/* End PBXProject section */

/* Begin PBXResourcesBuildPhase section */
		5E7E562222DFCB3700230C16 /* Resources */ = {
			isa = PBXResourcesBuildPhase;
			buildActionMask = 2147483647;
			files = (
				5EB1F52B22E62B7100B8501C /* OfferCell.xib in Resources */,
				5EB1F53322E655FA00B8501C /* MonthlyDealCell.xib in Resources */,
				5EB1F52F22E655C600B8501C /* ScanCanCell.xib in Resources */,
				5EB1F52522E61AE200B8501C /* RestaurantCell.xib in Resources */,
				5E7E563522DFCB3800230C16 /* LaunchScreen.storyboard in Resources */,
				5E7E563222DFCB3800230C16 /* Assets.xcassets in Resources */,
				5E7E562D22DFCB3700230C16 /* Main.storyboard in Resources */,
			);
			runOnlyForDeploymentPostprocessing = 0;
		};
		5E7E563922DFCB3800230C16 /* Resources */ = {
			isa = PBXResourcesBuildPhase;
			buildActionMask = 2147483647;
			files = (
			);
			runOnlyForDeploymentPostprocessing = 0;
		};
		5E7E564422DFCB3800230C16 /* Resources */ = {
			isa = PBXResourcesBuildPhase;
			buildActionMask = 2147483647;
			files = (
			);
			runOnlyForDeploymentPostprocessing = 0;
		};
/* End PBXResourcesBuildPhase section */

/* Begin PBXShellScriptBuildPhase section */
		2E06EFBC3568E086DB37CF63 /* [CP] Check Pods Manifest.lock */ = {
			isa = PBXShellScriptBuildPhase;
			buildActionMask = 2147483647;
			files = (
			);
			inputFileListPaths = (
			);
			inputPaths = (
				"${PODS_PODFILE_DIR_PATH}/Podfile.lock",
				"${PODS_ROOT}/Manifest.lock",
			);
			name = "[CP] Check Pods Manifest.lock";
			outputFileListPaths = (
			);
			outputPaths = (
				"$(DERIVED_FILE_DIR)/Pods-FastFoodUITests-checkManifestLockResult.txt",
			);
			runOnlyForDeploymentPostprocessing = 0;
			shellPath = /bin/sh;
			shellScript = "diff \"${PODS_PODFILE_DIR_PATH}/Podfile.lock\" \"${PODS_ROOT}/Manifest.lock\" > /dev/null\nif [ $? != 0 ] ; then\n    # print error to STDERR\n    echo \"error: The sandbox is not in sync with the Podfile.lock. Run 'pod install' or update your CocoaPods installation.\" >&2\n    exit 1\nfi\n# This output is used by Xcode 'outputs' to avoid re-running this script phase.\necho \"SUCCESS\" > \"${SCRIPT_OUTPUT_FILE_0}\"\n";
			showEnvVarsInLog = 0;
		};
		7350B5B61DE4129F87C17935 /* [CP] Check Pods Manifest.lock */ = {
			isa = PBXShellScriptBuildPhase;
			buildActionMask = 2147483647;
			files = (
			);
			inputFileListPaths = (
			);
			inputPaths = (
				"${PODS_PODFILE_DIR_PATH}/Podfile.lock",
				"${PODS_ROOT}/Manifest.lock",
			);
			name = "[CP] Check Pods Manifest.lock";
			outputFileListPaths = (
			);
			outputPaths = (
				"$(DERIVED_FILE_DIR)/Pods-FastFood-checkManifestLockResult.txt",
			);
			runOnlyForDeploymentPostprocessing = 0;
			shellPath = /bin/sh;
			shellScript = "diff \"${PODS_PODFILE_DIR_PATH}/Podfile.lock\" \"${PODS_ROOT}/Manifest.lock\" > /dev/null\nif [ $? != 0 ] ; then\n    # print error to STDERR\n    echo \"error: The sandbox is not in sync with the Podfile.lock. Run 'pod install' or update your CocoaPods installation.\" >&2\n    exit 1\nfi\n# This output is used by Xcode 'outputs' to avoid re-running this script phase.\necho \"SUCCESS\" > \"${SCRIPT_OUTPUT_FILE_0}\"\n";
			showEnvVarsInLog = 0;
		};
		79E65DC4C4C6C411E6D4CC8E /* [CP] Check Pods Manifest.lock */ = {
			isa = PBXShellScriptBuildPhase;
			buildActionMask = 2147483647;
			files = (
			);
			inputFileListPaths = (
			);
			inputPaths = (
				"${PODS_PODFILE_DIR_PATH}/Podfile.lock",
				"${PODS_ROOT}/Manifest.lock",
			);
			name = "[CP] Check Pods Manifest.lock";
			outputFileListPaths = (
			);
			outputPaths = (
				"$(DERIVED_FILE_DIR)/Pods-FastFoodTests-checkManifestLockResult.txt",
			);
			runOnlyForDeploymentPostprocessing = 0;
			shellPath = /bin/sh;
			shellScript = "diff \"${PODS_PODFILE_DIR_PATH}/Podfile.lock\" \"${PODS_ROOT}/Manifest.lock\" > /dev/null\nif [ $? != 0 ] ; then\n    # print error to STDERR\n    echo \"error: The sandbox is not in sync with the Podfile.lock. Run 'pod install' or update your CocoaPods installation.\" >&2\n    exit 1\nfi\n# This output is used by Xcode 'outputs' to avoid re-running this script phase.\necho \"SUCCESS\" > \"${SCRIPT_OUTPUT_FILE_0}\"\n";
			showEnvVarsInLog = 0;
		};
		B52D0772A9F18AA64DF15E64 /* [CP] Embed Pods Frameworks */ = {
			isa = PBXShellScriptBuildPhase;
			buildActionMask = 2147483647;
			files = (
			);
			inputFileListPaths = (
			);
			inputPaths = (
				"${PODS_ROOT}/Target Support Files/Pods-FastFood/Pods-FastFood-frameworks.sh",
				"${BUILT_PRODUCTS_DIR}/Alamofire/Alamofire.framework",
			);
			name = "[CP] Embed Pods Frameworks";
			outputFileListPaths = (
			);
			outputPaths = (
				"${TARGET_BUILD_DIR}/${FRAMEWORKS_FOLDER_PATH}/Alamofire.framework",
			);
			runOnlyForDeploymentPostprocessing = 0;
			shellPath = /bin/sh;
			shellScript = "\"${PODS_ROOT}/Target Support Files/Pods-FastFood/Pods-FastFood-frameworks.sh\"\n";
			showEnvVarsInLog = 0;
		};
/* End PBXShellScriptBuildPhase section */

/* Begin PBXSourcesBuildPhase section */
		5E7E562022DFCB3700230C16 /* Sources */ = {
			isa = PBXSourcesBuildPhase;
			buildActionMask = 2147483647;
			files = (
				5E7E566022DFCE3A00230C16 /* OrderVC2.swift in Sources */,
				5EB1F52722E62B5600B8501C /* OfferViewModel.swift in Sources */,
				5EB1F50F22E1271300B8501C /* SearchBusinessService.swift in Sources */,
				5EB1F51122E12F7600B8501C /* HttpHelper.swift in Sources */,
				5E7E565922DFCCAF00230C16 /* TabBarController.swift in Sources */,
				5E7E563022DFCB3700230C16 /* FastFood.xcdatamodeld in Sources */,
				5E7E565C22DFCE0C00230C16 /* OfferVC.swift in Sources */,
				5E7E562822DFCB3700230C16 /* AppDelegate.swift in Sources */,
				5EB1F51922E13CCE00B8501C /* Extensions.swift in Sources */,
				5EB1F52422E61AE200B8501C /* RestaurantCell.swift in Sources */,
				5EB1F53222E655FA00B8501C /* MonthlyDealCell.swift in Sources */,
				0E035A3122E5388C004A8726 /* RestaurantVC.swift in Sources */,
				5EB1F51622E13C9D00B8501C /* HeaderView.swift in Sources */,
				5EB1F51F22E234D200B8501C /* Models.swift in Sources */,
				5EB1F51D22E13D0A00B8501C /* Protocols.swift in Sources */,
				0E035A3322E55349004A8726 /* RestaurantViewModel.swift in Sources */,
				5EB1F51B22E13CD500B8501C /* StretchHeaderFlowLayout.swift in Sources */,
				5EB1F51322E1357B00B8501C /* Constant.swift in Sources */,
				5E7E566222DFCE4B00230C16 /* ReorderVC.swift in Sources */,
				5EB1F52A22E62B7100B8501C /* OfferCell.swift in Sources */,
				0EEF387822E731F10063B9D9 /* CustomMapView.swift in Sources */,
				5EB1F52E22E655C600B8501C /* ScanCanCell.swift in Sources */,
			);
			runOnlyForDeploymentPostprocessing = 0;
		};
		5E7E563722DFCB3800230C16 /* Sources */ = {
			isa = PBXSourcesBuildPhase;
			buildActionMask = 2147483647;
			files = (
				5E7E564022DFCB3800230C16 /* FastFoodTests.swift in Sources */,
			);
			runOnlyForDeploymentPostprocessing = 0;
		};
		5E7E564222DFCB3800230C16 /* Sources */ = {
			isa = PBXSourcesBuildPhase;
			buildActionMask = 2147483647;
			files = (
				5E7E564B22DFCB3800230C16 /* FastFoodUITests.swift in Sources */,
			);
			runOnlyForDeploymentPostprocessing = 0;
		};
/* End PBXSourcesBuildPhase section */

/* Begin PBXTargetDependency section */
		5E7E563D22DFCB3800230C16 /* PBXTargetDependency */ = {
			isa = PBXTargetDependency;
			target = 5E7E562322DFCB3700230C16 /* FastFood */;
			targetProxy = 5E7E563C22DFCB3800230C16 /* PBXContainerItemProxy */;
		};
		5E7E564822DFCB3800230C16 /* PBXTargetDependency */ = {
			isa = PBXTargetDependency;
			target = 5E7E562322DFCB3700230C16 /* FastFood */;
			targetProxy = 5E7E564722DFCB3800230C16 /* PBXContainerItemProxy */;
		};
/* End PBXTargetDependency section */

/* Begin PBXVariantGroup section */
		5E7E562B22DFCB3700230C16 /* Main.storyboard */ = {
			isa = PBXVariantGroup;
			children = (
				5E7E562C22DFCB3700230C16 /* Base */,
			);
			name = Main.storyboard;
			sourceTree = "<group>";
		};
		5E7E563322DFCB3800230C16 /* LaunchScreen.storyboard */ = {
			isa = PBXVariantGroup;
			children = (
				5E7E563422DFCB3800230C16 /* Base */,
			);
			name = LaunchScreen.storyboard;
			sourceTree = "<group>";
		};
/* End PBXVariantGroup section */

/* Begin XCBuildConfiguration section */
		5E7E564D22DFCB3800230C16 /* Debug */ = {
			isa = XCBuildConfiguration;
			buildSettings = {
				ALWAYS_SEARCH_USER_PATHS = NO;
				CLANG_ANALYZER_NONNULL = YES;
				CLANG_ANALYZER_NUMBER_OBJECT_CONVERSION = YES_AGGRESSIVE;
				CLANG_CXX_LANGUAGE_STANDARD = "gnu++14";
				CLANG_CXX_LIBRARY = "libc++";
				CLANG_ENABLE_MODULES = YES;
				CLANG_ENABLE_OBJC_ARC = YES;
				CLANG_ENABLE_OBJC_WEAK = YES;
				CLANG_WARN_BLOCK_CAPTURE_AUTORELEASING = YES;
				CLANG_WARN_BOOL_CONVERSION = YES;
				CLANG_WARN_COMMA = YES;
				CLANG_WARN_CONSTANT_CONVERSION = YES;
				CLANG_WARN_DEPRECATED_OBJC_IMPLEMENTATIONS = YES;
				CLANG_WARN_DIRECT_OBJC_ISA_USAGE = YES_ERROR;
				CLANG_WARN_DOCUMENTATION_COMMENTS = YES;
				CLANG_WARN_EMPTY_BODY = YES;
				CLANG_WARN_ENUM_CONVERSION = YES;
				CLANG_WARN_INFINITE_RECURSION = YES;
				CLANG_WARN_INT_CONVERSION = YES;
				CLANG_WARN_NON_LITERAL_NULL_CONVERSION = YES;
				CLANG_WARN_OBJC_IMPLICIT_RETAIN_SELF = YES;
				CLANG_WARN_OBJC_LITERAL_CONVERSION = YES;
				CLANG_WARN_OBJC_ROOT_CLASS = YES_ERROR;
				CLANG_WARN_RANGE_LOOP_ANALYSIS = YES;
				CLANG_WARN_STRICT_PROTOTYPES = YES;
				CLANG_WARN_SUSPICIOUS_MOVE = YES;
				CLANG_WARN_UNGUARDED_AVAILABILITY = YES_AGGRESSIVE;
				CLANG_WARN_UNREACHABLE_CODE = YES;
				CLANG_WARN__DUPLICATE_METHOD_MATCH = YES;
				CODE_SIGN_IDENTITY = "iPhone Developer";
				COPY_PHASE_STRIP = NO;
				DEBUG_INFORMATION_FORMAT = dwarf;
				ENABLE_STRICT_OBJC_MSGSEND = YES;
				ENABLE_TESTABILITY = YES;
				GCC_C_LANGUAGE_STANDARD = gnu11;
				GCC_DYNAMIC_NO_PIC = NO;
				GCC_NO_COMMON_BLOCKS = YES;
				GCC_OPTIMIZATION_LEVEL = 0;
				GCC_PREPROCESSOR_DEFINITIONS = (
					"DEBUG=1",
					"$(inherited)",
				);
				GCC_WARN_64_TO_32_BIT_CONVERSION = YES;
				GCC_WARN_ABOUT_RETURN_TYPE = YES_ERROR;
				GCC_WARN_UNDECLARED_SELECTOR = YES;
				GCC_WARN_UNINITIALIZED_AUTOS = YES_AGGRESSIVE;
				GCC_WARN_UNUSED_FUNCTION = YES;
				GCC_WARN_UNUSED_VARIABLE = YES;
				IPHONEOS_DEPLOYMENT_TARGET = 12.2;
				MTL_ENABLE_DEBUG_INFO = INCLUDE_SOURCE;
				MTL_FAST_MATH = YES;
				ONLY_ACTIVE_ARCH = YES;
				SDKROOT = iphoneos;
				SWIFT_ACTIVE_COMPILATION_CONDITIONS = DEBUG;
				SWIFT_OPTIMIZATION_LEVEL = "-Onone";
			};
			name = Debug;
		};
		5E7E564E22DFCB3800230C16 /* Release */ = {
			isa = XCBuildConfiguration;
			buildSettings = {
				ALWAYS_SEARCH_USER_PATHS = NO;
				CLANG_ANALYZER_NONNULL = YES;
				CLANG_ANALYZER_NUMBER_OBJECT_CONVERSION = YES_AGGRESSIVE;
				CLANG_CXX_LANGUAGE_STANDARD = "gnu++14";
				CLANG_CXX_LIBRARY = "libc++";
				CLANG_ENABLE_MODULES = YES;
				CLANG_ENABLE_OBJC_ARC = YES;
				CLANG_ENABLE_OBJC_WEAK = YES;
				CLANG_WARN_BLOCK_CAPTURE_AUTORELEASING = YES;
				CLANG_WARN_BOOL_CONVERSION = YES;
				CLANG_WARN_COMMA = YES;
				CLANG_WARN_CONSTANT_CONVERSION = YES;
				CLANG_WARN_DEPRECATED_OBJC_IMPLEMENTATIONS = YES;
				CLANG_WARN_DIRECT_OBJC_ISA_USAGE = YES_ERROR;
				CLANG_WARN_DOCUMENTATION_COMMENTS = YES;
				CLANG_WARN_EMPTY_BODY = YES;
				CLANG_WARN_ENUM_CONVERSION = YES;
				CLANG_WARN_INFINITE_RECURSION = YES;
				CLANG_WARN_INT_CONVERSION = YES;
				CLANG_WARN_NON_LITERAL_NULL_CONVERSION = YES;
				CLANG_WARN_OBJC_IMPLICIT_RETAIN_SELF = YES;
				CLANG_WARN_OBJC_LITERAL_CONVERSION = YES;
				CLANG_WARN_OBJC_ROOT_CLASS = YES_ERROR;
				CLANG_WARN_RANGE_LOOP_ANALYSIS = YES;
				CLANG_WARN_STRICT_PROTOTYPES = YES;
				CLANG_WARN_SUSPICIOUS_MOVE = YES;
				CLANG_WARN_UNGUARDED_AVAILABILITY = YES_AGGRESSIVE;
				CLANG_WARN_UNREACHABLE_CODE = YES;
				CLANG_WARN__DUPLICATE_METHOD_MATCH = YES;
				CODE_SIGN_IDENTITY = "iPhone Developer";
				COPY_PHASE_STRIP = NO;
				DEBUG_INFORMATION_FORMAT = "dwarf-with-dsym";
				ENABLE_NS_ASSERTIONS = NO;
				ENABLE_STRICT_OBJC_MSGSEND = YES;
				GCC_C_LANGUAGE_STANDARD = gnu11;
				GCC_NO_COMMON_BLOCKS = YES;
				GCC_WARN_64_TO_32_BIT_CONVERSION = YES;
				GCC_WARN_ABOUT_RETURN_TYPE = YES_ERROR;
				GCC_WARN_UNDECLARED_SELECTOR = YES;
				GCC_WARN_UNINITIALIZED_AUTOS = YES_AGGRESSIVE;
				GCC_WARN_UNUSED_FUNCTION = YES;
				GCC_WARN_UNUSED_VARIABLE = YES;
				IPHONEOS_DEPLOYMENT_TARGET = 12.2;
				MTL_ENABLE_DEBUG_INFO = NO;
				MTL_FAST_MATH = YES;
				SDKROOT = iphoneos;
				SWIFT_COMPILATION_MODE = wholemodule;
				SWIFT_OPTIMIZATION_LEVEL = "-O";
				VALIDATE_PRODUCT = YES;
			};
			name = Release;
		};
		5E7E565022DFCB3800230C16 /* Debug */ = {
			isa = XCBuildConfiguration;
			baseConfigurationReference = 0779383FF715FD9316510E2F /* Pods-FastFood.debug.xcconfig */;
			buildSettings = {
				ASSETCATALOG_COMPILER_APPICON_NAME = AppIcon;
				CODE_SIGN_STYLE = Automatic;
				DEVELOPMENT_TEAM = QAJNW7456U;
				INFOPLIST_FILE = FastFood/Info.plist;
				IPHONEOS_DEPLOYMENT_TARGET = 11.0;
				LD_RUNPATH_SEARCH_PATHS = (
					"$(inherited)",
					"@executable_path/Frameworks",
				);
				PRODUCT_BUNDLE_IDENTIFIER = "Mike-Saradeth.FastFood";
				PRODUCT_NAME = "$(TARGET_NAME)";
				SWIFT_VERSION = 5.0;
				TARGETED_DEVICE_FAMILY = "1,2";
			};
			name = Debug;
		};
		5E7E565122DFCB3800230C16 /* Release */ = {
			isa = XCBuildConfiguration;
			baseConfigurationReference = 129ECF1FE99B89FBDBFEC995 /* Pods-FastFood.release.xcconfig */;
			buildSettings = {
				ASSETCATALOG_COMPILER_APPICON_NAME = AppIcon;
				CODE_SIGN_STYLE = Automatic;
				DEVELOPMENT_TEAM = QAJNW7456U;
				INFOPLIST_FILE = FastFood/Info.plist;
				IPHONEOS_DEPLOYMENT_TARGET = 11.0;
				LD_RUNPATH_SEARCH_PATHS = (
					"$(inherited)",
					"@executable_path/Frameworks",
				);
				PRODUCT_BUNDLE_IDENTIFIER = "Mike-Saradeth.FastFood";
				PRODUCT_NAME = "$(TARGET_NAME)";
				SWIFT_VERSION = 5.0;
				TARGETED_DEVICE_FAMILY = "1,2";
			};
			name = Release;
		};
		5E7E565322DFCB3800230C16 /* Debug */ = {
			isa = XCBuildConfiguration;
			baseConfigurationReference = 16B66CA96E547D16B1E5A5E1 /* Pods-FastFoodTests.debug.xcconfig */;
			buildSettings = {
				ALWAYS_EMBED_SWIFT_STANDARD_LIBRARIES = YES;
				BUNDLE_LOADER = "$(TEST_HOST)";
				CODE_SIGN_STYLE = Automatic;
				DEVELOPMENT_TEAM = LP46D328FV;
				INFOPLIST_FILE = FastFoodTests/Info.plist;
				LD_RUNPATH_SEARCH_PATHS = (
					"$(inherited)",
					"@executable_path/Frameworks",
					"@loader_path/Frameworks",
				);
				PRODUCT_BUNDLE_IDENTIFIER = "Mike-Saradeth.FastFoodTests";
				PRODUCT_NAME = "$(TARGET_NAME)";
				SWIFT_VERSION = 5.0;
				TARGETED_DEVICE_FAMILY = "1,2";
				TEST_HOST = "$(BUILT_PRODUCTS_DIR)/FastFood.app/FastFood";
			};
			name = Debug;
		};
		5E7E565422DFCB3800230C16 /* Release */ = {
			isa = XCBuildConfiguration;
			baseConfigurationReference = F11382559302100D851582CC /* Pods-FastFoodTests.release.xcconfig */;
			buildSettings = {
				ALWAYS_EMBED_SWIFT_STANDARD_LIBRARIES = YES;
				BUNDLE_LOADER = "$(TEST_HOST)";
				CODE_SIGN_STYLE = Automatic;
				DEVELOPMENT_TEAM = LP46D328FV;
				INFOPLIST_FILE = FastFoodTests/Info.plist;
				LD_RUNPATH_SEARCH_PATHS = (
					"$(inherited)",
					"@executable_path/Frameworks",
					"@loader_path/Frameworks",
				);
				PRODUCT_BUNDLE_IDENTIFIER = "Mike-Saradeth.FastFoodTests";
				PRODUCT_NAME = "$(TARGET_NAME)";
				SWIFT_VERSION = 5.0;
				TARGETED_DEVICE_FAMILY = "1,2";
				TEST_HOST = "$(BUILT_PRODUCTS_DIR)/FastFood.app/FastFood";
			};
			name = Release;
		};
		5E7E565622DFCB3800230C16 /* Debug */ = {
			isa = XCBuildConfiguration;
			baseConfigurationReference = 935E155A3E666AAC21F550B1 /* Pods-FastFoodUITests.debug.xcconfig */;
			buildSettings = {
				ALWAYS_EMBED_SWIFT_STANDARD_LIBRARIES = YES;
				CODE_SIGN_STYLE = Automatic;
				DEVELOPMENT_TEAM = LP46D328FV;
				INFOPLIST_FILE = FastFoodUITests/Info.plist;
				LD_RUNPATH_SEARCH_PATHS = (
					"$(inherited)",
					"@executable_path/Frameworks",
					"@loader_path/Frameworks",
				);
				PRODUCT_BUNDLE_IDENTIFIER = "Mike-Saradeth.FastFoodUITests";
				PRODUCT_NAME = "$(TARGET_NAME)";
				SWIFT_VERSION = 5.0;
				TARGETED_DEVICE_FAMILY = "1,2";
				TEST_TARGET_NAME = FastFood;
			};
			name = Debug;
		};
		5E7E565722DFCB3800230C16 /* Release */ = {
			isa = XCBuildConfiguration;
			baseConfigurationReference = 4918E5525478A7CE8797558B /* Pods-FastFoodUITests.release.xcconfig */;
			buildSettings = {
				ALWAYS_EMBED_SWIFT_STANDARD_LIBRARIES = YES;
				CODE_SIGN_STYLE = Automatic;
				DEVELOPMENT_TEAM = LP46D328FV;
				INFOPLIST_FILE = FastFoodUITests/Info.plist;
				LD_RUNPATH_SEARCH_PATHS = (
					"$(inherited)",
					"@executable_path/Frameworks",
					"@loader_path/Frameworks",
				);
				PRODUCT_BUNDLE_IDENTIFIER = "Mike-Saradeth.FastFoodUITests";
				PRODUCT_NAME = "$(TARGET_NAME)";
				SWIFT_VERSION = 5.0;
				TARGETED_DEVICE_FAMILY = "1,2";
				TEST_TARGET_NAME = FastFood;
			};
			name = Release;
		};
/* End XCBuildConfiguration section */

/* Begin XCConfigurationList section */
		5E7E561F22DFCB3700230C16 /* Build configuration list for PBXProject "FastFood" */ = {
			isa = XCConfigurationList;
			buildConfigurations = (
				5E7E564D22DFCB3800230C16 /* Debug */,
				5E7E564E22DFCB3800230C16 /* Release */,
			);
			defaultConfigurationIsVisible = 0;
			defaultConfigurationName = Release;
		};
		5E7E564F22DFCB3800230C16 /* Build configuration list for PBXNativeTarget "FastFood" */ = {
			isa = XCConfigurationList;
			buildConfigurations = (
				5E7E565022DFCB3800230C16 /* Debug */,
				5E7E565122DFCB3800230C16 /* Release */,
			);
			defaultConfigurationIsVisible = 0;
			defaultConfigurationName = Release;
		};
		5E7E565222DFCB3800230C16 /* Build configuration list for PBXNativeTarget "FastFoodTests" */ = {
			isa = XCConfigurationList;
			buildConfigurations = (
				5E7E565322DFCB3800230C16 /* Debug */,
				5E7E565422DFCB3800230C16 /* Release */,
			);
			defaultConfigurationIsVisible = 0;
			defaultConfigurationName = Release;
		};
		5E7E565522DFCB3800230C16 /* Build configuration list for PBXNativeTarget "FastFoodUITests" */ = {
			isa = XCConfigurationList;
			buildConfigurations = (
				5E7E565622DFCB3800230C16 /* Debug */,
				5E7E565722DFCB3800230C16 /* Release */,
			);
			defaultConfigurationIsVisible = 0;
			defaultConfigurationName = Release;
		};
/* End XCConfigurationList section */

/* Begin XCVersionGroup section */
		5E7E562E22DFCB3700230C16 /* FastFood.xcdatamodeld */ = {
			isa = XCVersionGroup;
			children = (
				5E7E562F22DFCB3700230C16 /* FastFood.xcdatamodel */,
			);
			currentVersion = 5E7E562F22DFCB3700230C16 /* FastFood.xcdatamodel */;
			path = FastFood.xcdatamodeld;
			sourceTree = "<group>";
			versionGroupType = wrapper.xcdatamodel;
		};
/* End XCVersionGroup section */
	};
	rootObject = 5E7E561C22DFCB3700230C16 /* Project object */;
}
